
Microsoft Visual Studio Solution File, Format Version 12.00
# Visual Studio Version 16
VisualStudioVersion = 16.0.30523.141
MinimumVisualStudioVersion = 10.0.40219.1
Project("{8BC9CEB8-8B4A-11D0-8D11-00A0C91BC942}") = "BinaryTree", "BinaryTree\BinaryTree.vcxproj", "{1C73F3F8-F234-4EF0-9D91-CD9EC48968A1}"
EndProject
Project("{8BC9CEB8-8B4A-11D0-8D11-00A0C91BC942}") = "BinaryTreeTest", "BinaryTreeTest\BinaryTreeTest.vcxproj", "{40DDFFB4-FEBF-4C03-9947-97F17F22D38B}"
EndProject
Project("{8BC9CEB8-8B4A-11D0-8D11-00A0C91BC942}") = "DAGTest", "DAGTest\DAGTest.vcxproj", "{A7D27A6C-8CBE-4CA4-8809-A5FB4C4D6617}"
EndProject
Global
	GlobalSection(SolutionConfigurationPlatforms) = preSolution
		Debug|x64 = Debug|x64
		Debug|x86 = Debug|x86
		Release|x64 = Release|x64
		Release|x86 = Release|x86
	EndGlobalSection
	GlobalSection(ProjectConfigurationPlatforms) = postSolution
		{1C73F3F8-F234-4EF0-9D91-CD9EC48968A1}.Debug|x64.ActiveCfg = Debug|x64
		{1C73F3F8-F234-4EF0-9D91-CD9EC48968A1}.Debug|x64.Build.0 = Debug|x64
		{1C73F3F8-F234-4EF0-9D91-CD9EC48968A1}.Debug|x86.ActiveCfg = Debug|Win32
		{1C73F3F8-F234-4EF0-9D91-CD9EC48968A1}.Debug|x86.Build.0 = Debug|Win32
		{1C73F3F8-F234-4EF0-9D91-CD9EC48968A1}.Release|x64.ActiveCfg = Release|x64
		{1C73F3F8-F234-4EF0-9D91-CD9EC48968A1}.Release|x64.Build.0 = Release|x64
		{1C73F3F8-F234-4EF0-9D91-CD9EC48968A1}.Release|x86.ActiveCfg = Release|Win32
		{1C73F3F8-F234-4EF0-9D91-CD9EC48968A1}.Release|x86.Build.0 = Release|Win32
		{40DDFFB4-FEBF-4C03-9947-97F17F22D38B}.Debug|x64.ActiveCfg = Debug|x64
		{40DDFFB4-FEBF-4C03-9947-97F17F22D38B}.Debug|x64.Build.0 = Debug|x64
		{40DDFFB4-FEBF-4C03-9947-97F17F22D38B}.Debug|x86.ActiveCfg = Debug|Win32
		{40DDFFB4-FEBF-4C03-9947-97F17F22D38B}.Debug|x86.Build.0 = Debug|Win32
		{40DDFFB4-FEBF-4C03-9947-97F17F22D38B}.Release|x64.ActiveCfg = Release|x64
		{40DDFFB4-FEBF-4C03-9947-97F17F22D38B}.Release|x64.Build.0 = Release|x64
		{40DDFFB4-FEBF-4C03-9947-97F17F22D38B}.Release|x86.ActiveCfg = Release|Win32
		{40DDFFB4-FEBF-4C03-9947-97F17F22D38B}.Release|x86.Build.0 = Release|Win32
		{A7D27A6C-8CBE-4CA4-8809-A5FB4C4D6617}.Debug|x64.ActiveCfg = Debug|x64
		{A7D27A6C-8CBE-4CA4-8809-A5FB4C4D6617}.Debug|x64.Build.0 = Debug|x64
		{A7D27A6C-8CBE-4CA4-8809-A5FB4C4D6617}.Debug|x86.ActiveCfg = Debug|Win32
		{A7D27A6C-8CBE-4CA4-8809-A5FB4C4D6617}.Debug|x86.Build.0 = Debug|Win32
		{A7D27A6C-8CBE-4CA4-8809-A5FB4C4D6617}.Release|x64.ActiveCfg = Release|x64
		{A7D27A6C-8CBE-4CA4-8809-A5FB4C4D6617}.Release|x64.Build.0 = Release|x64
		{A7D27A6C-8CBE-4CA4-8809-A5FB4C4D6617}.Release|x86.ActiveCfg = Release|Win32
		{A7D27A6C-8CBE-4CA4-8809-A5FB4C4D6617}.Release|x86.Build.0 = Release|Win32
	EndGlobalSection
	GlobalSection(SolutionProperties) = preSolution
		HideSolutionNode = FALSE
	EndGlobalSection
	GlobalSection(ExtensibilityGlobals) = postSolution
		SolutionGuid = {E608B548-33DE-4774-9C3E-7F1F2FB939AA}
	EndGlobalSection
EndGlobal
